
Microsoft Visual Studio Solution File, Format Version 12.00
# Visual Studio Version 17
VisualStudioVersion = 17.0.31903.59
MinimumVisualStudioVersion = 10.0.40219.1
Project("{FAE04EC0-301F-11D3-BF4B-00C04F79EFBC}") = "Question0", "Question0\Question0.csproj", "{B8997AC0-AAF6-462A-BEDE-872E9C5AC612}"
EndProject
Project("{FAE04EC0-301F-11D3-BF4B-00C04F79EFBC}") = "Question1", "Question1\Question1.csproj", "{B17A68F8-F1EB-416E-AD78-6888CB8A3E6D}"
EndProject
Project("{FAE04EC0-301F-11D3-BF4B-00C04F79EFBC}") = "Question4", "Question4\Question4.csproj", "{43CBC4EB-985F-4274-9312-DBCBF269817B}"
EndProject
Project("{FAE04EC0-301F-11D3-BF4B-00C04F79EFBC}") = "Question10", "Question10\Question10.csproj", "{ED098AC0-4F3E-48FE-BC5D-C52D54107E2F}"
EndProject
Project("{FAE04EC0-301F-11D3-BF4B-00C04F79EFBC}") = "Question14", "Question14\Question14.csproj", "{36E3FFEF-A394-4764-A47B-24D9CC9DED0A}"
EndProject
Project("{FAE04EC0-301F-11D3-BF4B-00C04F79EFBC}") = "Question20", "Question20\Question20.csproj", "{8D0B6BFD-DC0D-4EE2-A42B-DBA6266430B4}"
EndProject
Project("{FAE04EC0-301F-11D3-BF4B-00C04F79EFBC}") = "Question26", "Question26\Question26.csproj", "{1A7016DA-4B8D-41F4-87A6-75932708288B}"
EndProject
Global
	GlobalSection(SolutionConfigurationPlatforms) = preSolution
		Debug|Any CPU = Debug|Any CPU
		Debug|x64 = Debug|x64
		Debug|x86 = Debug|x86
		Release|Any CPU = Release|Any CPU
		Release|x64 = Release|x64
		Release|x86 = Release|x86
	EndGlobalSection
	GlobalSection(ProjectConfigurationPlatforms) = postSolution
		{B8997AC0-AAF6-462A-BEDE-872E9C5AC612}.Debug|Any CPU.ActiveCfg = Debug|Any CPU
		{B8997AC0-AAF6-462A-BEDE-872E9C5AC612}.Debug|Any CPU.Build.0 = Debug|Any CPU
		{B8997AC0-AAF6-462A-BEDE-872E9C5AC612}.Debug|x64.ActiveCfg = Debug|Any CPU
		{B8997AC0-AAF6-462A-BEDE-872E9C5AC612}.Debug|x64.Build.0 = Debug|Any CPU
		{B8997AC0-AAF6-462A-BEDE-872E9C5AC612}.Debug|x86.ActiveCfg = Debug|Any CPU
		{B8997AC0-AAF6-462A-BEDE-872E9C5AC612}.Debug|x86.Build.0 = Debug|Any CPU
		{B8997AC0-AAF6-462A-BEDE-872E9C5AC612}.Release|Any CPU.ActiveCfg = Release|Any CPU
		{B8997AC0-AAF6-462A-BEDE-872E9C5AC612}.Release|Any CPU.Build.0 = Release|Any CPU
		{B8997AC0-AAF6-462A-BEDE-872E9C5AC612}.Release|x64.ActiveCfg = Release|Any CPU
		{B8997AC0-AAF6-462A-BEDE-872E9C5AC612}.Release|x64.Build.0 = Release|Any CPU
		{B8997AC0-AAF6-462A-BEDE-872E9C5AC612}.Release|x86.ActiveCfg = Release|Any CPU
		{B8997AC0-AAF6-462A-BEDE-872E9C5AC612}.Release|x86.Build.0 = Release|Any CPU
		{B17A68F8-F1EB-416E-AD78-6888CB8A3E6D}.Debug|Any CPU.ActiveCfg = Debug|Any CPU
		{B17A68F8-F1EB-416E-AD78-6888CB8A3E6D}.Debug|Any CPU.Build.0 = Debug|Any CPU
		{B17A68F8-F1EB-416E-AD78-6888CB8A3E6D}.Debug|x64.ActiveCfg = Debug|Any CPU
		{B17A68F8-F1EB-416E-AD78-6888CB8A3E6D}.Debug|x64.Build.0 = Debug|Any CPU
		{B17A68F8-F1EB-416E-AD78-6888CB8A3E6D}.Debug|x86.ActiveCfg = Debug|Any CPU
		{B17A68F8-F1EB-416E-AD78-6888CB8A3E6D}.Debug|x86.Build.0 = Debug|Any CPU
		{B17A68F8-F1EB-416E-AD78-6888CB8A3E6D}.Release|Any CPU.ActiveCfg = Release|Any CPU
		{B17A68F8-F1EB-416E-AD78-6888CB8A3E6D}.Release|Any CPU.Build.0 = Release|Any CPU
		{B17A68F8-F1EB-416E-AD78-6888CB8A3E6D}.Release|x64.ActiveCfg = Release|Any CPU
		{B17A68F8-F1EB-416E-AD78-6888CB8A3E6D}.Release|x64.Build.0 = Release|Any CPU
		{B17A68F8-F1EB-416E-AD78-6888CB8A3E6D}.Release|x86.ActiveCfg = Release|Any CPU
		{B17A68F8-F1EB-416E-AD78-6888CB8A3E6D}.Release|x86.Build.0 = Release|Any CPU
		{43CBC4EB-985F-4274-9312-DBCBF269817B}.Debug|Any CPU.ActiveCfg = Debug|Any CPU
		{43CBC4EB-985F-4274-9312-DBCBF269817B}.Debug|Any CPU.Build.0 = Debug|Any CPU
		{43CBC4EB-985F-4274-9312-DBCBF269817B}.Debug|x64.ActiveCfg = Debug|Any CPU
		{43CBC4EB-985F-4274-9312-DBCBF269817B}.Debug|x64.Build.0 = Debug|Any CPU
		{43CBC4EB-985F-4274-9312-DBCBF269817B}.Debug|x86.ActiveCfg = Debug|Any CPU
		{43CBC4EB-985F-4274-9312-DBCBF269817B}.Debug|x86.Build.0 = Debug|Any CPU
		{43CBC4EB-985F-4274-9312-DBCBF269817B}.Release|Any CPU.ActiveCfg = Release|Any CPU
		{43CBC4EB-985F-4274-9312-DBCBF269817B}.Release|Any CPU.Build.0 = Release|Any CPU
		{43CBC4EB-985F-4274-9312-DBCBF269817B}.Release|x64.ActiveCfg = Release|Any CPU
		{43CBC4EB-985F-4274-9312-DBCBF269817B}.Release|x64.Build.0 = Release|Any CPU
		{43CBC4EB-985F-4274-9312-DBCBF269817B}.Release|x86.ActiveCfg = Release|Any CPU
		{43CBC4EB-985F-4274-9312-DBCBF269817B}.Release|x86.Build.0 = Release|Any CPU
		{ED098AC0-4F3E-48FE-BC5D-C52D54107E2F}.Debug|Any CPU.ActiveCfg = Debug|Any CPU
		{ED098AC0-4F3E-48FE-BC5D-C52D54107E2F}.Debug|Any CPU.Build.0 = Debug|Any CPU
		{ED098AC0-4F3E-48FE-BC5D-C52D54107E2F}.Debug|x64.ActiveCfg = Debug|Any CPU
		{ED098AC0-4F3E-48FE-BC5D-C52D54107E2F}.Debug|x64.Build.0 = Debug|Any CPU
		{ED098AC0-4F3E-48FE-BC5D-C52D54107E2F}.Debug|x86.ActiveCfg = Debug|Any CPU
		{ED098AC0-4F3E-48FE-BC5D-C52D54107E2F}.Debug|x86.Build.0 = Debug|Any CPU
		{ED098AC0-4F3E-48FE-BC5D-C52D54107E2F}.Release|Any CPU.ActiveCfg = Release|Any CPU
		{ED098AC0-4F3E-48FE-BC5D-C52D54107E2F}.Release|Any CPU.Build.0 = Release|Any CPU
		{ED098AC0-4F3E-48FE-BC5D-C52D54107E2F}.Release|x64.ActiveCfg = Release|Any CPU
		{ED098AC0-4F3E-48FE-BC5D-C52D54107E2F}.Release|x64.Build.0 = Release|Any CPU
		{ED098AC0-4F3E-48FE-BC5D-C52D54107E2F}.Release|x86.ActiveCfg = Release|Any CPU
		{ED098AC0-4F3E-48FE-BC5D-C52D54107E2F}.Release|x86.Build.0 = Release|Any CPU
		{36E3FFEF-A394-4764-A47B-24D9CC9DED0A}.Debug|Any CPU.ActiveCfg = Debug|Any CPU
		{36E3FFEF-A394-4764-A47B-24D9CC9DED0A}.Debug|Any CPU.Build.0 = Debug|Any CPU
		{36E3FFEF-A394-4764-A47B-24D9CC9DED0A}.Debug|x64.ActiveCfg = Debug|Any CPU
		{36E3FFEF-A394-4764-A47B-24D9CC9DED0A}.Debug|x64.Build.0 = Debug|Any CPU
		{36E3FFEF-A394-4764-A47B-24D9CC9DED0A}.Debug|x86.ActiveCfg = Debug|Any CPU
		{36E3FFEF-A394-4764-A47B-24D9CC9DED0A}.Debug|x86.Build.0 = Debug|Any CPU
		{36E3FFEF-A394-4764-A47B-24D9CC9DED0A}.Release|Any CPU.ActiveCfg = Release|Any CPU
		{36E3FFEF-A394-4764-A47B-24D9CC9DED0A}.Release|Any CPU.Build.0 = Release|Any CPU
		{36E3FFEF-A394-4764-A47B-24D9CC9DED0A}.Release|x64.ActiveCfg = Release|Any CPU
		{36E3FFEF-A394-4764-A47B-24D9CC9DED0A}.Release|x64.Build.0 = Release|Any CPU
		{36E3FFEF-A394-4764-A47B-24D9CC9DED0A}.Release|x86.ActiveCfg = Release|Any CPU
		{36E3FFEF-A394-4764-A47B-24D9CC9DED0A}.Release|x86.Build.0 = Release|Any CPU
		{8D0B6BFD-DC0D-4EE2-A42B-DBA6266430B4}.Debug|Any CPU.ActiveCfg = Debug|Any CPU
		{8D0B6BFD-DC0D-4EE2-A42B-DBA6266430B4}.Debug|Any CPU.Build.0 = Debug|Any CPU
		{8D0B6BFD-DC0D-4EE2-A42B-DBA6266430B4}.Debug|x64.ActiveCfg = Debug|Any CPU
		{8D0B6BFD-DC0D-4EE2-A42B-DBA6266430B4}.Debug|x64.Build.0 = Debug|Any CPU
		{8D0B6BFD-DC0D-4EE2-A42B-DBA6266430B4}.Debug|x86.ActiveCfg = Debug|Any CPU
		{8D0B6BFD-DC0D-4EE2-A42B-DBA6266430B4}.Debug|x86.Build.0 = Debug|Any CPU
		{8D0B6BFD-DC0D-4EE2-A42B-DBA6266430B4}.Release|Any CPU.ActiveCfg = Release|Any CPU
		{8D0B6BFD-DC0D-4EE2-A42B-DBA6266430B4}.Release|Any CPU.Build.0 = Release|Any CPU
		{8D0B6BFD-DC0D-4EE2-A42B-DBA6266430B4}.Release|x64.ActiveCfg = Release|Any CPU
		{8D0B6BFD-DC0D-4EE2-A42B-DBA6266430B4}.Release|x64.Build.0 = Release|Any CPU
		{8D0B6BFD-DC0D-4EE2-A42B-DBA6266430B4}.Release|x86.ActiveCfg = Release|Any CPU
		{8D0B6BFD-DC0D-4EE2-A42B-DBA6266430B4}.Release|x86.Build.0 = Release|Any CPU
		{1A7016DA-4B8D-41F4-87A6-75932708288B}.Debug|Any CPU.ActiveCfg = Debug|Any CPU
		{1A7016DA-4B8D-41F4-87A6-75932708288B}.Debug|Any CPU.Build.0 = Debug|Any CPU
		{1A7016DA-4B8D-41F4-87A6-75932708288B}.Debug|x64.ActiveCfg = Debug|Any CPU
		{1A7016DA-4B8D-41F4-87A6-75932708288B}.Debug|x64.Build.0 = Debug|Any CPU
		{1A7016DA-4B8D-41F4-87A6-75932708288B}.Debug|x86.ActiveCfg = Debug|Any CPU
		{1A7016DA-4B8D-41F4-87A6-75932708288B}.Debug|x86.Build.0 = Debug|Any CPU
		{1A7016DA-4B8D-41F4-87A6-75932708288B}.Release|Any CPU.ActiveCfg = Release|Any CPU
		{1A7016DA-4B8D-41F4-87A6-75932708288B}.Release|Any CPU.Build.0 = Release|Any CPU
		{1A7016DA-4B8D-41F4-87A6-75932708288B}.Release|x64.ActiveCfg = Release|Any CPU
		{1A7016DA-4B8D-41F4-87A6-75932708288B}.Release|x64.Build.0 = Release|Any CPU
		{1A7016DA-4B8D-41F4-87A6-75932708288B}.Release|x86.ActiveCfg = Release|Any CPU
		{1A7016DA-4B8D-41F4-87A6-75932708288B}.Release|x86.Build.0 = Release|Any CPU
	EndGlobalSection
	GlobalSection(SolutionProperties) = preSolution
		HideSolutionNode = FALSE
	EndGlobalSection
EndGlobal
